
Microsoft Visual Studio Solution File, Format Version 12.00
# Visual Studio Version 16
VisualStudioVersion = 16.0.30204.135
MinimumVisualStudioVersion = 10.0.40219.1
Project("{FAE04EC0-301F-11D3-BF4B-00C04F79EFBC}") = "ClassLibrary", "ClassLibrary.csproj", "{AB9C63AA-B3AB-48BC-A810-082921121D35}"
EndProject
Project("{FAE04EC0-301F-11D3-BF4B-00C04F79EFBC}") = "XUnitTestProject1", "..\XUnitTestProject1\XUnitTestProject1.csproj", "{6E0E888A-E7E5-4C3A-82B2-9D62A4116680}"
EndProject
Global
	GlobalSection(SolutionConfigurationPlatforms) = preSolution
		Debug|Any CPU = Debug|Any CPU
		Release|Any CPU = Release|Any CPU
	EndGlobalSection
	GlobalSection(ProjectConfigurationPlatforms) = postSolution
		{AB9C63AA-B3AB-48BC-A810-082921121D35}.Debug|Any CPU.ActiveCfg = Debug|Any CPU
		{AB9C63AA-B3AB-48BC-A810-082921121D35}.Debug|Any CPU.Build.0 = Debug|Any CPU
		{AB9C63AA-B3AB-48BC-A810-082921121D35}.Release|Any CPU.ActiveCfg = Release|Any CPU
		{AB9C63AA-B3AB-48BC-A810-082921121D35}.Release|Any CPU.Build.0 = Release|Any CPU
		{6E0E888A-E7E5-4C3A-82B2-9D62A4116680}.Debug|Any CPU.ActiveCfg = Debug|Any CPU
		{6E0E888A-E7E5-4C3A-82B2-9D62A4116680}.Debug|Any CPU.Build.0 = Debug|Any CPU
		{6E0E888A-E7E5-4C3A-82B2-9D62A4116680}.Release|Any CPU.ActiveCfg = Release|Any CPU
		{6E0E888A-E7E5-4C3A-82B2-9D62A4116680}.Release|Any CPU.Build.0 = Release|Any CPU
	EndGlobalSection
	GlobalSection(SolutionProperties) = preSolution
		HideSolutionNode = FALSE
	EndGlobalSection
	GlobalSection(ExtensibilityGlobals) = postSolution
		SolutionGuid = {9C744D0F-49DA-4131-8E58-A5CBC5287786}
	EndGlobalSection
EndGlobal
